
Microsoft Visual Studio Solution File, Format Version 12.00
# Visual Studio Version 18
VisualStudioVersion = 18.6.11819.183
MinimumVisualStudioVersion = 10.0.40219.1
Project("{FAE04EC0-301F-11D3-BF4B-00C04F79EFBC}") = "TestProject", "TestProject\TestProject.csproj", "{C393C39E-434B-21C1-6C56-7AC4E694B8B1}"
EndProject
Project("{2150E333-8FDC-42A3-9474-1A3956D46DE8}") = "Features", "Features", "{6A369E4F-DF6B-4154-9152-0CBBD556D847}"
	ProjectSection(SolutionItems) = preProject
		Features\Valid Login.feature = Features\Valid Login.feature
	EndProjectSection
EndProject
Project("{FAE04EC0-301F-11D3-BF4B-00C04F79EFBC}") = "GherkinSync.TestAdapter", "GherkinSync.TestAdapter\GherkinSync.TestAdapter.csproj", "{5A74E380-017B-4B06-8D9A-4FB2660CB1A2}"
EndProject
Project("{FAE04EC0-301F-11D3-BF4B-00C04F79EFBC}") = "GherkinSync.Analyzer", "GherkinSync.Analyzer\GherkinSync.Analyzer.csproj", "{D28FD9A9-8CD0-F035-E2F8-E6099B01AE21}"
EndProject
Global
	GlobalSection(SolutionConfigurationPlatforms) = preSolution
		Debug|Any CPU = Debug|Any CPU
		Release|Any CPU = Release|Any CPU
	EndGlobalSection
	GlobalSection(ProjectConfigurationPlatforms) = postSolution
		{C393C39E-434B-21C1-6C56-7AC4E694B8B1}.Debug|Any CPU.ActiveCfg = Debug|Any CPU
		{C393C39E-434B-21C1-6C56-7AC4E694B8B1}.Debug|Any CPU.Build.0 = Debug|Any CPU
		{C393C39E-434B-21C1-6C56-7AC4E694B8B1}.Release|Any CPU.ActiveCfg = Release|Any CPU
		{C393C39E-434B-21C1-6C56-7AC4E694B8B1}.Release|Any CPU.Build.0 = Release|Any CPU
		{5A74E380-017B-4B06-8D9A-4FB2660CB1A2}.Debug|Any CPU.ActiveCfg = Debug|Any CPU
		{5A74E380-017B-4B06-8D9A-4FB2660CB1A2}.Debug|Any CPU.Build.0 = Debug|Any CPU
		{5A74E380-017B-4B06-8D9A-4FB2660CB1A2}.Release|Any CPU.ActiveCfg = Release|Any CPU
		{5A74E380-017B-4B06-8D9A-4FB2660CB1A2}.Release|Any CPU.Build.0 = Release|Any CPU
		{D28FD9A9-8CD0-F035-E2F8-E6099B01AE21}.Debug|Any CPU.ActiveCfg = Debug|Any CPU
		{D28FD9A9-8CD0-F035-E2F8-E6099B01AE21}.Debug|Any CPU.Build.0 = Debug|Any CPU
		{D28FD9A9-8CD0-F035-E2F8-E6099B01AE21}.Release|Any CPU.ActiveCfg = Release|Any CPU
		{D28FD9A9-8CD0-F035-E2F8-E6099B01AE21}.Release|Any CPU.Build.0 = Release|Any CPU
	EndGlobalSection
	GlobalSection(SolutionProperties) = preSolution
		HideSolutionNode = FALSE
	EndGlobalSection
	GlobalSection(ExtensibilityGlobals) = postSolution
		SolutionGuid = {FD0DB2F6-8C84-43A4-A6BD-26175DEA6D29}
	EndGlobalSection
EndGlobal
