
Microsoft Visual Studio Solution File, Format Version 12.00
# Visual Studio Version 18
VisualStudioVersion = 18.6.11819.183 stable
MinimumVisualStudioVersion = 10.0.40219.1
Project("{FAE04EC0-301F-11D3-BF4B-00C04F79EFBC}") = "GherkinSync", "GherkinSync.csproj", "{9B2F98CA-688A-F849-9684-BE2C0ADA19E0}"
EndProject
Global
	GlobalSection(SolutionConfigurationPlatforms) = preSolution
		Debug|Any CPU = Debug|Any CPU
		Release|Any CPU = Release|Any CPU
	EndGlobalSection
	GlobalSection(ProjectConfigurationPlatforms) = postSolution
		{9B2F98CA-688A-F849-9684-BE2C0ADA19E0}.Debug|Any CPU.ActiveCfg = Debug|Any CPU
		{9B2F98CA-688A-F849-9684-BE2C0ADA19E0}.Debug|Any CPU.Build.0 = Debug|Any CPU
		{9B2F98CA-688A-F849-9684-BE2C0ADA19E0}.Release|Any CPU.ActiveCfg = Release|Any CPU
		{9B2F98CA-688A-F849-9684-BE2C0ADA19E0}.Release|Any CPU.Build.0 = Release|Any CPU
	EndGlobalSection
	GlobalSection(SolutionProperties) = preSolution
		HideSolutionNode = FALSE
	EndGlobalSection
	GlobalSection(ExtensibilityGlobals) = postSolution
		SolutionGuid = {FD0DB2F6-8C84-43A4-A6BD-26175DEA6D29}
	EndGlobalSection
EndGlobal
